// !$*UTF8*$!
{
	archiveVersion = 1;
	classes = {
	};
	objectVersion = 56;
	objects = {

/* Begin PBXBuildFile section */
		8216950B2B0E436D00971133 /* AppDelegate.swift in Sources */ = {isa = PBXBuildFile; fileRef = 8216950A2B0E436D00971133 /* AppDelegate.swift */; };
		8216950D2B0E436D00971133 /* SceneDelegate.swift in Sources */ = {isa = PBXBuildFile; fileRef = 8216950C2B0E436D00971133 /* SceneDelegate.swift */; };
		8216950F2B0E436D00971133 /* ViewController.swift in Sources */ = {isa = PBXBuildFile; fileRef = 8216950E2B0E436D00971133 /* ViewController.swift */; };
		821695122B0E436D00971133 /* Main.storyboard in Resources */ = {isa = PBXBuildFile; fileRef = 821695102B0E436D00971133 /* Main.storyboard */; };
		821695142B0E436F00971133 /* Assets.xcassets in Resources */ = {isa = PBXBuildFile; fileRef = 821695132B0E436F00971133 /* Assets.xcassets */; };
		821695172B0E436F00971133 /* LaunchScreen.storyboard in Resources */ = {isa = PBXBuildFile; fileRef = 821695152B0E436F00971133 /* LaunchScreen.storyboard */; };
		821695222B0E436F00971133 /* IntaCloneTests.swift in Sources */ = {isa = PBXBuildFile; fileRef = 821695212B0E436F00971133 /* IntaCloneTests.swift */; };
		8216952C2B0E436F00971133 /* IntaCloneUITests.swift in Sources */ = {isa = PBXBuildFile; fileRef = 8216952B2B0E436F00971133 /* IntaCloneUITests.swift */; };
		8216952E2B0E436F00971133 /* IntaCloneUITestsLaunchTests.swift in Sources */ = {isa = PBXBuildFile; fileRef = 8216952D2B0E436F00971133 /* IntaCloneUITestsLaunchTests.swift */; };
/* End PBXBuildFile section */

/* Begin PBXContainerItemProxy section */
		8216951E2B0E436F00971133 /* PBXContainerItemProxy */ = {
			isa = PBXContainerItemProxy;
			containerPortal = 821694FF2B0E436D00971133 /* Project object */;
			proxyType = 1;
			remoteGlobalIDString = 821695062B0E436D00971133;
			remoteInfo = IntaClone;
		};
		821695282B0E436F00971133 /* PBXContainerItemProxy */ = {
			isa = PBXContainerItemProxy;
			containerPortal = 821694FF2B0E436D00971133 /* Project object */;
			proxyType = 1;
			remoteGlobalIDString = 821695062B0E436D00971133;
			remoteInfo = IntaClone;
		};
/* End PBXContainerItemProxy section */

/* Begin PBXFileReference section */
		821695072B0E436D00971133 /* IntaClone.app */ = {isa = PBXFileReference; explicitFileType = wrapper.application; includeInIndex = 0; path = IntaClone.app; sourceTree = BUILT_PRODUCTS_DIR; };
		8216950A2B0E436D00971133 /* AppDelegate.swift */ = {isa = PBXFileReference; lastKnownFileType = sourcecode.swift; path = AppDelegate.swift; sourceTree = "<group>"; };
		8216950C2B0E436D00971133 /* SceneDelegate.swift */ = {isa = PBXFileReference; lastKnownFileType = sourcecode.swift; path = SceneDelegate.swift; sourceTree = "<group>"; };
		8216950E2B0E436D00971133 /* ViewController.swift */ = {isa = PBXFileReference; lastKnownFileType = sourcecode.swift; path = ViewController.swift; sourceTree = "<group>"; };
		821695112B0E436D00971133 /* Base */ = {isa = PBXFileReference; lastKnownFileType = file.storyboard; name = Base; path = Base.lproj/Main.storyboard; sourceTree = "<group>"; };
		821695132B0E436F00971133 /* Assets.xcassets */ = {isa = PBXFileReference; lastKnownFileType = folder.assetcatalog; path = Assets.xcassets; sourceTree = "<group>"; };
		821695162B0E436F00971133 /* Base */ = {isa = PBXFileReference; lastKnownFileType = file.storyboard; name = Base; path = Base.lproj/LaunchScreen.storyboard; sourceTree = "<group>"; };
		821695182B0E436F00971133 /* Info.plist */ = {isa = PBXFileReference; lastKnownFileType = text.plist.xml; path = Info.plist; sourceTree = "<group>"; };
		8216951D2B0E436F00971133 /* IntaCloneTests.xctest */ = {isa = PBXFileReference; explicitFileType = wrapper.cfbundle; includeInIndex = 0; path = IntaCloneTests.xctest; sourceTree = BUILT_PRODUCTS_DIR; };
		821695212B0E436F00971133 /* IntaCloneTests.swift */ = {isa = PBXFileReference; lastKnownFileType = sourcecode.swift; path = IntaCloneTests.swift; sourceTree = "<group>"; };
		821695272B0E436F00971133 /* IntaCloneUITests.xctest */ = {isa = PBXFileReference; explicitFileType = wrapper.cfbundle; includeInIndex = 0; path = IntaCloneUITests.xctest; sourceTree = BUILT_PRODUCTS_DIR; };
		8216952B2B0E436F00971133 /* IntaCloneUITests.swift */ = {isa = PBXFileReference; lastKnownFileType = sourcecode.swift; path = IntaCloneUITests.swift; sourceTree = "<group>"; };
		8216952D2B0E436F00971133 /* IntaCloneUITestsLaunchTests.swift */ = {isa = PBXFileReference; lastKnownFileType = sourcecode.swift; path = IntaCloneUITestsLaunchTests.swift; sourceTree = "<group>"; };
/* End PBXFileReference section */

/* Begin PBXFrameworksBuildPhase section */
		821695042B0E436D00971133 /* Frameworks */ = {
			isa = PBXFrameworksBuildPhase;
			buildActionMask = 2147483647;
			files = (
			);
			runOnlyForDeploymentPostprocessing = 0;
		};
		8216951A2B0E436F00971133 /* Frameworks */ = {
			isa = PBXFrameworksBuildPhase;
			buildActionMask = 2147483647;
			files = (
			);
			runOnlyForDeploymentPostprocessing = 0;
		};
		821695242B0E436F00971133 /* Frameworks */ = {
			isa = PBXFrameworksBuildPhase;
			buildActionMask = 2147483647;
			files = (
			);
			runOnlyForDeploymentPostprocessing = 0;
		};
/* End PBXFrameworksBuildPhase section */

/* Begin PBXGroup section */
		821694FE2B0E436D00971133 = {
			isa = PBXGroup;
			children = (
				821695092B0E436D00971133 /* IntaClone */,
				821695202B0E436F00971133 /* IntaCloneTests */,
				8216952A2B0E436F00971133 /* IntaCloneUITests */,
				821695082B0E436D00971133 /* Products */,
			);
			sourceTree = "<group>";
		};
		821695082B0E436D00971133 /* Products */ = {
			isa = PBXGroup;
			children = (
				821695072B0E436D00971133 /* IntaClone.app */,
				8216951D2B0E436F00971133 /* IntaCloneTests.xctest */,
				821695272B0E436F00971133 /* IntaCloneUITests.xctest */,
			);
			name = Products;
			sourceTree = "<group>";
		};
		821695092B0E436D00971133 /* IntaClone */ = {
			isa = PBXGroup;
			children = (
				8216950A2B0E436D00971133 /* AppDelegate.swift */,
				8216950C2B0E436D00971133 /* SceneDelegate.swift */,
				8216950E2B0E436D00971133 /* ViewController.swift */,
				821695102B0E436D00971133 /* Main.storyboard */,
				821695132B0E436F00971133 /* Assets.xcassets */,
				821695152B0E436F00971133 /* LaunchScreen.storyboard */,
				821695182B0E436F00971133 /* Info.plist */,
			);
			path = IntaClone;
			sourceTree = "<group>";
		};
		821695202B0E436F00971133 /* IntaCloneTests */ = {
			isa = PBXGroup;
			children = (
				821695212B0E436F00971133 /* IntaCloneTests.swift */,
			);
			path = IntaCloneTests;
			sourceTree = "<group>";
		};
		8216952A2B0E436F00971133 /* IntaCloneUITests */ = {
			isa = PBXGroup;
			children = (
				8216952B2B0E436F00971133 /* IntaCloneUITests.swift */,
				8216952D2B0E436F00971133 /* IntaCloneUITestsLaunchTests.swift */,
			);
			path = IntaCloneUITests;
			sourceTree = "<group>";
		};
/* End PBXGroup section */

/* Begin PBXNativeTarget section */
		821695062B0E436D00971133 /* IntaClone */ = {
			isa = PBXNativeTarget;
			buildConfigurationList = 821695312B0E436F00971133 /* Build configuration list for PBXNativeTarget "IntaClone" */;
			buildPhases = (
				821695032B0E436D00971133 /* Sources */,
				821695042B0E436D00971133 /* Frameworks */,
				821695052B0E436D00971133 /* Resources */,
			);
			buildRules = (
			);
			dependencies = (
			);
			name = IntaClone;
			productName = IntaClone;
			productReference = 821695072B0E436D00971133 /* IntaClone.app */;
			productType = "com.apple.product-type.application";
		};
		8216951C2B0E436F00971133 /* IntaCloneTests */ = {
			isa = PBXNativeTarget;
			buildConfigurationList = 821695342B0E436F00971133 /* Build configuration list for PBXNativeTarget "IntaCloneTests" */;
			buildPhases = (
				821695192B0E436F00971133 /* Sources */,
				8216951A2B0E436F00971133 /* Frameworks */,
				8216951B2B0E436F00971133 /* Resources */,
			);
			buildRules = (
			);
			dependencies = (
				8216951F2B0E436F00971133 /* PBXTargetDependency */,
			);
			name = IntaCloneTests;
			productName = IntaCloneTests;
			productReference = 8216951D2B0E436F00971133 /* IntaCloneTests.xctest */;
			productType = "com.apple.product-type.bundle.unit-test";
		};
		821695262B0E436F00971133 /* IntaCloneUITests */ = {
			isa = PBXNativeTarget;
			buildConfigurationList = 821695372B0E436F00971133 /* Build configuration list for PBXNativeTarget "IntaCloneUITests" */;
			buildPhases = (
				821695232B0E436F00971133 /* Sources */,
				821695242B0E436F00971133 /* Frameworks */,
				821695252B0E436F00971133 /* Resources */,
			);
			buildRules = (
			);
			dependencies = (
				821695292B0E436F00971133 /* PBXTargetDependency */,
			);
			name = IntaCloneUITests;
			productName = IntaCloneUITests;
			productReference = 821695272B0E436F00971133 /* IntaCloneUITests.xctest */;
			productType = "com.apple.product-type.bundle.ui-testing";
		};
/* End PBXNativeTarget section */

/* Begin PBXProject section */
		821694FF2B0E436D00971133 /* Project object */ = {
			isa = PBXProject;
			attributes = {
				BuildIndependentTargetsInParallel = 1;
				LastSwiftUpdateCheck = 1430;
				LastUpgradeCheck = 1430;
				TargetAttributes = {
					821695062B0E436D00971133 = {
						CreatedOnToolsVersion = 14.3.1;
					};
					8216951C2B0E436F00971133 = {
						CreatedOnToolsVersion = 14.3.1;
						TestTargetID = 821695062B0E436D00971133;
					};
					821695262B0E436F00971133 = {
						CreatedOnToolsVersion = 14.3.1;
						TestTargetID = 821695062B0E436D00971133;
					};
				};
			};
			buildConfigurationList = 821695022B0E436D00971133 /* Build configuration list for PBXProject "IntaClone" */;
			compatibilityVersion = "Xcode 14.0";
			developmentRegion = en;
			hasScannedForEncodings = 0;
			knownRegions = (
				en,
				Base,
			);
			mainGroup = 821694FE2B0E436D00971133;
			productRefGroup = 821695082B0E436D00971133 /* Products */;
			projectDirPath = "";
			projectRoot = "";
			targets = (
				821695062B0E436D00971133 /* IntaClone */,
				8216951C2B0E436F00971133 /* IntaCloneTests */,
				821695262B0E436F00971133 /* IntaCloneUITests */,
			);
		};
/* End PBXProject section */

/* Begin PBXResourcesBuildPhase section */
		821695052B0E436D00971133 /* Resources */ = {
			isa = PBXResourcesBuildPhase;
			buildActionMask = 2147483647;
			files = (
				821695172B0E436F00971133 /* LaunchScreen.storyboard in Resources */,
				821695142B0E436F00971133 /* Assets.xcassets in Resources */,
				821695122B0E436D00971133 /* Main.storyboard in Resources */,
			);
			runOnlyForDeploymentPostprocessing = 0;
		};
		8216951B2B0E436F00971133 /* Resources */ = {
			isa = PBXResourcesBuildPhase;
			buildActionMask = 2147483647;
			files = (
			);
			runOnlyForDeploymentPostprocessing = 0;
		};
		821695252B0E436F00971133 /* Resources */ = {
			isa = PBXResourcesBuildPhase;
			buildActionMask = 2147483647;
			files = (
			);
			runOnlyForDeploymentPostprocessing = 0;
		};
/* End PBXResourcesBuildPhase section */

/* Begin PBXSourcesBuildPhase section */
		821695032B0E436D00971133 /* Sources */ = {
			isa = PBXSourcesBuildPhase;
			buildActionMask = 2147483647;
			files = (
				8216950F2B0E436D00971133 /* ViewController.swift in Sources */,
				8216950B2B0E436D00971133 /* AppDelegate.swift in Sources */,
				8216950D2B0E436D00971133 /* SceneDelegate.swift in Sources */,
			);
			runOnlyForDeploymentPostprocessing = 0;
		};
		821695192B0E436F00971133 /* Sources */ = {
			isa = PBXSourcesBuildPhase;
			buildActionMask = 2147483647;
			files = (
				821695222B0E436F00971133 /* IntaCloneTests.swift in Sources */,
			);
			runOnlyForDeploymentPostprocessing = 0;
		};
		821695232B0E436F00971133 /* Sources */ = {
			isa = PBXSourcesBuildPhase;
			buildActionMask = 2147483647;
			files = (
				8216952E2B0E436F00971133 /* IntaCloneUITestsLaunchTests.swift in Sources */,
				8216952C2B0E436F00971133 /* IntaCloneUITests.swift in Sources */,
			);
			runOnlyForDeploymentPostprocessing = 0;
		};
/* End PBXSourcesBuildPhase section */

/* Begin PBXTargetDependency section */
		8216951F2B0E436F00971133 /* PBXTargetDependency */ = {
			isa = PBXTargetDependency;
			target = 821695062B0E436D00971133 /* IntaClone */;
			targetProxy = 8216951E2B0E436F00971133 /* PBXContainerItemProxy */;
		};
		821695292B0E436F00971133 /* PBXTargetDependency */ = {
			isa = PBXTargetDependency;
			target = 821695062B0E436D00971133 /* IntaClone */;
			targetProxy = 821695282B0E436F00971133 /* PBXContainerItemProxy */;
		};
/* End PBXTargetDependency section */

/* Begin PBXVariantGroup section */
		821695102B0E436D00971133 /* Main.storyboard */ = {
			isa = PBXVariantGroup;
			children = (
				821695112B0E436D00971133 /* Base */,
			);
			name = Main.storyboard;
			sourceTree = "<group>";
		};
		821695152B0E436F00971133 /* LaunchScreen.storyboard */ = {
			isa = PBXVariantGroup;
			children = (
				821695162B0E436F00971133 /* Base */,
			);
			name = LaunchScreen.storyboard;
			sourceTree = "<group>";
		};
/* End PBXVariantGroup section */

/* Begin XCBuildConfiguration section */
		8216952F2B0E436F00971133 /* Debug */ = {
			isa = XCBuildConfiguration;
			buildSettings = {
				ALWAYS_SEARCH_USER_PATHS = NO;
				CLANG_ANALYZER_NONNULL = YES;
				CLANG_ANALYZER_NUMBER_OBJECT_CONVERSION = YES_AGGRESSIVE;
				CLANG_CXX_LANGUAGE_STANDARD = "gnu++20";
				CLANG_ENABLE_MODULES = YES;
				CLANG_ENABLE_OBJC_ARC = YES;
				CLANG_ENABLE_OBJC_WEAK = YES;
				CLANG_WARN_BLOCK_CAPTURE_AUTORELEASING = YES;
				CLANG_WARN_BOOL_CONVERSION = YES;
				CLANG_WARN_COMMA = YES;
				CLANG_WARN_CONSTANT_CONVERSION = YES;
				CLANG_WARN_DEPRECATED_OBJC_IMPLEMENTATIONS = YES;
				CLANG_WARN_DIRECT_OBJC_ISA_USAGE = YES_ERROR;
				CLANG_WARN_DOCUMENTATION_COMMENTS = YES;
				CLANG_WARN_EMPTY_BODY = YES;
				CLANG_WARN_ENUM_CONVERSION = YES;
				CLANG_WARN_INFINITE_RECURSION = YES;
				CLANG_WARN_INT_CONVERSION = YES;
				CLANG_WARN_NON_LITERAL_NULL_CONVERSION = YES;
				CLANG_WARN_OBJC_IMPLICIT_RETAIN_SELF = YES;
				CLANG_WARN_OBJC_LITERAL_CONVERSION = YES;
				CLANG_WARN_OBJC_ROOT_CLASS = YES_ERROR;
				CLANG_WARN_QUOTED_INCLUDE_IN_FRAMEWORK_HEADER = YES;
				CLANG_WARN_RANGE_LOOP_ANALYSIS = YES;
				CLANG_WARN_STRICT_PROTOTYPES = YES;
				CLANG_WARN_SUSPICIOUS_MOVE = YES;
				CLANG_WARN_UNGUARDED_AVAILABILITY = YES_AGGRESSIVE;
				CLANG_WARN_UNREACHABLE_CODE = YES;
				CLANG_WARN__DUPLICATE_METHOD_MATCH = YES;
				COPY_PHASE_STRIP = NO;
				DEBUG_INFORMATION_FORMAT = dwarf;
				ENABLE_STRICT_OBJC_MSGSEND = YES;
				ENABLE_TESTABILITY = YES;
				GCC_C_LANGUAGE_STANDARD = gnu11;
				GCC_DYNAMIC_NO_PIC = NO;
				GCC_NO_COMMON_BLOCKS = YES;
				GCC_OPTIMIZATION_LEVEL = 0;
				GCC_PREPROCESSOR_DEFINITIONS = (
					"DEBUG=1",
					"$(inherited)",
				);
				GCC_WARN_64_TO_32_BIT_CONVERSION = YES;
				GCC_WARN_ABOUT_RETURN_TYPE = YES_ERROR;
				GCC_WARN_UNDECLARED_SELECTOR = YES;
				GCC_WARN_UNINITIALIZED_AUTOS = YES_AGGRESSIVE;
				GCC_WARN_UNUSED_FUNCTION = YES;
				GCC_WARN_UNUSED_VARIABLE = YES;
				IPHONEOS_DEPLOYMENT_TARGET = 16.4;
				MTL_ENABLE_DEBUG_INFO = INCLUDE_SOURCE;
				MTL_FAST_MATH = YES;
				ONLY_ACTIVE_ARCH = YES;
				SDKROOT = iphoneos;
				SWIFT_ACTIVE_COMPILATION_CONDITIONS = DEBUG;
				SWIFT_OPTIMIZATION_LEVEL = "-Onone";
			};
			name = Debug;
		};
		821695302B0E436F00971133 /* Release */ = {
			isa = XCBuildConfiguration;
			buildSettings = {
				ALWAYS_SEARCH_USER_PATHS = NO;
				CLANG_ANALYZER_NONNULL = YES;
				CLANG_ANALYZER_NUMBER_OBJECT_CONVERSION = YES_AGGRESSIVE;
				CLANG_CXX_LANGUAGE_STANDARD = "gnu++20";
				CLANG_ENABLE_MODULES = YES;
				CLANG_ENABLE_OBJC_ARC = YES;
				CLANG_ENABLE_OBJC_WEAK = YES;
				CLANG_WARN_BLOCK_CAPTURE_AUTORELEASING = YES;
				CLANG_WARN_BOOL_CONVERSION = YES;
				CLANG_WARN_COMMA = YES;
				CLANG_WARN_CONSTANT_CONVERSION = YES;
				CLANG_WARN_DEPRECATED_OBJC_IMPLEMENTATIONS = YES;
				CLANG_WARN_DIRECT_OBJC_ISA_USAGE = YES_ERROR;
				CLANG_WARN_DOCUMENTATION_COMMENTS = YES;
				CLANG_WARN_EMPTY_BODY = YES;
				CLANG_WARN_ENUM_CONVERSION = YES;
				CLANG_WARN_INFINITE_RECURSION = YES;
				CLANG_WARN_INT_CONVERSION = YES;
				CLANG_WARN_NON_LITERAL_NULL_CONVERSION = YES;
				CLANG_WARN_OBJC_IMPLICIT_RETAIN_SELF = YES;
				CLANG_WARN_OBJC_LITERAL_CONVERSION = YES;
				CLANG_WARN_OBJC_ROOT_CLASS = YES_ERROR;
				CLANG_WARN_QUOTED_INCLUDE_IN_FRAMEWORK_HEADER = YES;
				CLANG_WARN_RANGE_LOOP_ANALYSIS = YES;
				CLANG_WARN_STRICT_PROTOTYPES = YES;
				CLANG_WARN_SUSPICIOUS_MOVE = YES;
				CLANG_WARN_UNGUARDED_AVAILABILITY = YES_AGGRESSIVE;
				CLANG_WARN_UNREACHABLE_CODE = YES;
				CLANG_WARN__DUPLICATE_METHOD_MATCH = YES;
				COPY_PHASE_STRIP = NO;
				DEBUG_INFORMATION_FORMAT = "dwarf-with-dsym";
				ENABLE_NS_ASSERTIONS = NO;
				ENABLE_STRICT_OBJC_MSGSEND = YES;
				GCC_C_LANGUAGE_STANDARD = gnu11;
				GCC_NO_COMMON_BLOCKS = YES;
				GCC_WARN_64_TO_32_BIT_CONVERSION = YES;
				GCC_WARN_ABOUT_RETURN_TYPE = YES_ERROR;
				GCC_WARN_UNDECLARED_SELECTOR = YES;
				GCC_WARN_UNINITIALIZED_AUTOS = YES_AGGRESSIVE;
				GCC_WARN_UNUSED_FUNCTION = YES;
				GCC_WARN_UNUSED_VARIABLE = YES;
				IPHONEOS_DEPLOYMENT_TARGET = 16.4;
				MTL_ENABLE_DEBUG_INFO = NO;
				MTL_FAST_MATH = YES;
				SDKROOT = iphoneos;
				SWIFT_COMPILATION_MODE = wholemodule;
				SWIFT_OPTIMIZATION_LEVEL = "-O";
				VALIDATE_PRODUCT = YES;
			};
			name = Release;
		};
		821695322B0E436F00971133 /* Debug */ = {
			isa = XCBuildConfiguration;
			buildSettings = {
				ASSETCATALOG_COMPILER_APPICON_NAME = AppIcon;
				ASSETCATALOG_COMPILER_GLOBAL_ACCENT_COLOR_NAME = AccentColor;
				CODE_SIGN_STYLE = Automatic;
				CURRENT_PROJECT_VERSION = 1;
				GENERATE_INFOPLIST_FILE = YES;
				INFOPLIST_FILE = IntaClone/Info.plist;
				INFOPLIST_KEY_UIApplicationSupportsIndirectInputEvents = YES;
				INFOPLIST_KEY_UILaunchStoryboardName = LaunchScreen;
				INFOPLIST_KEY_UIMainStoryboardFile = Main;
				INFOPLIST_KEY_UISupportedInterfaceOrientations_iPad = "UIInterfaceOrientationPortrait UIInterfaceOrientationPortraitUpsideDown UIInterfaceOrientationLandscapeLeft UIInterfaceOrientationLandscapeRight";
				INFOPLIST_KEY_UISupportedInterfaceOrientations_iPhone = "UIInterfaceOrientationPortrait UIInterfaceOrientationLandscapeLeft UIInterfaceOrientationLandscapeRight";
				LD_RUNPATH_SEARCH_PATHS = (
					"$(inherited)",
					"@executable_path/Frameworks",
				);
				MARKETING_VERSION = 1.0;
				PRODUCT_BUNDLE_IDENTIFIER = tasks.app.IntaClone;
				PRODUCT_NAME = "$(TARGET_NAME)";
				SWIFT_EMIT_LOC_STRINGS = YES;
				SWIFT_VERSION = 5.0;
				TARGETED_DEVICE_FAMILY = "1,2";
			};
			name = Debug;
		};
		821695332B0E436F00971133 /* Release */ = {
			isa = XCBuildConfiguration;
			buildSettings = {
				ASSETCATALOG_COMPILER_APPICON_NAME = AppIcon;
				ASSETCATALOG_COMPILER_GLOBAL_ACCENT_COLOR_NAME = AccentColor;
				CODE_SIGN_STYLE = Automatic;
				CURRENT_PROJECT_VERSION = 1;
				GENERATE_INFOPLIST_FILE = YES;
				INFOPLIST_FILE = IntaClone/Info.plist;
				INFOPLIST_KEY_UIApplicationSupportsIndirectInputEvents = YES;
				INFOPLIST_KEY_UILaunchStoryboardName = LaunchScreen;
				INFOPLIST_KEY_UIMainStoryboardFile = Main;
				INFOPLIST_KEY_UISupportedInterfaceOrientations_iPad = "UIInterfaceOrientationPortrait UIInterfaceOrientationPortraitUpsideDown UIInterfaceOrientationLandscapeLeft UIInterfaceOrientationLandscapeRight";
				INFOPLIST_KEY_UISupportedInterfaceOrientations_iPhone = "UIInterfaceOrientationPortrait UIInterfaceOrientationLandscapeLeft UIInterfaceOrientationLandscapeRight";
				LD_RUNPATH_SEARCH_PATHS = (
					"$(inherited)",
					"@executable_path/Frameworks",
				);
				MARKETING_VERSION = 1.0;
				PRODUCT_BUNDLE_IDENTIFIER = tasks.app.IntaClone;
				PRODUCT_NAME = "$(TARGET_NAME)";
				SWIFT_EMIT_LOC_STRINGS = YES;
				SWIFT_VERSION = 5.0;
				TARGETED_DEVICE_FAMILY = "1,2";
			};
			name = Release;
		};
		821695352B0E436F00971133 /* Debug */ = {
			isa = XCBuildConfiguration;
			buildSettings = {
				ALWAYS_EMBED_SWIFT_STANDARD_LIBRARIES = YES;
				BUNDLE_LOADER = "$(TEST_HOST)";
				CODE_SIGN_STYLE = Automatic;
				CURRENT_PROJECT_VERSION = 1;
				GENERATE_INFOPLIST_FILE = YES;
				IPHONEOS_DEPLOYMENT_TARGET = 16.4;
				MARKETING_VERSION = 1.0;
				PRODUCT_BUNDLE_IDENTIFIER = tasks.app.IntaCloneTests;
				PRODUCT_NAME = "$(TARGET_NAME)";
				SWIFT_EMIT_LOC_STRINGS = NO;
				SWIFT_VERSION = 5.0;
				TARGETED_DEVICE_FAMILY = "1,2";
				TEST_HOST = "$(BUILT_PRODUCTS_DIR)/IntaClone.app/$(BUNDLE_EXECUTABLE_FOLDER_PATH)/IntaClone";
			};
			name = Debug;
		};
		821695362B0E436F00971133 /* Release */ = {
			isa = XCBuildConfiguration;
			buildSettings = {
				ALWAYS_EMBED_SWIFT_STANDARD_LIBRARIES = YES;
				BUNDLE_LOADER = "$(TEST_HOST)";
				CODE_SIGN_STYLE = Automatic;
				CURRENT_PROJECT_VERSION = 1;
				GENERATE_INFOPLIST_FILE = YES;
				IPHONEOS_DEPLOYMENT_TARGET = 16.4;
				MARKETING_VERSION = 1.0;
				PRODUCT_BUNDLE_IDENTIFIER = tasks.app.IntaCloneTests;
				PRODUCT_NAME = "$(TARGET_NAME)";
				SWIFT_EMIT_LOC_STRINGS = NO;
				SWIFT_VERSION = 5.0;
				TARGETED_DEVICE_FAMILY = "1,2";
				TEST_HOST = "$(BUILT_PRODUCTS_DIR)/IntaClone.app/$(BUNDLE_EXECUTABLE_FOLDER_PATH)/IntaClone";
			};
			name = Release;
		};
		821695382B0E436F00971133 /* Debug */ = {
			isa = XCBuildConfiguration;
			buildSettings = {
				ALWAYS_EMBED_SWIFT_STANDARD_LIBRARIES = YES;
				CODE_SIGN_STYLE = Automatic;
				CURRENT_PROJECT_VERSION = 1;
				GENERATE_INFOPLIST_FILE = YES;
				MARKETING_VERSION = 1.0;
				PRODUCT_BUNDLE_IDENTIFIER = tasks.app.IntaCloneUITests;
				PRODUCT_NAME = "$(TARGET_NAME)";
				SWIFT_EMIT_LOC_STRINGS = NO;
				SWIFT_VERSION = 5.0;
				TARGETED_DEVICE_FAMILY = "1,2";
				TEST_TARGET_NAME = IntaClone;
			};
			name = Debug;
		};
		821695392B0E436F00971133 /* Release */ = {
			isa = XCBuildConfiguration;
			buildSettings = {
				ALWAYS_EMBED_SWIFT_STANDARD_LIBRARIES = YES;
				CODE_SIGN_STYLE = Automatic;
				CURRENT_PROJECT_VERSION = 1;
				GENERATE_INFOPLIST_FILE = YES;
				MARKETING_VERSION = 1.0;
				PRODUCT_BUNDLE_IDENTIFIER = tasks.app.IntaCloneUITests;
				PRODUCT_NAME = "$(TARGET_NAME)";
				SWIFT_EMIT_LOC_STRINGS = NO;
				SWIFT_VERSION = 5.0;
				TARGETED_DEVICE_FAMILY = "1,2";
				TEST_TARGET_NAME = IntaClone;
			};
			name = Release;
		};
/* End XCBuildConfiguration section */

/* Begin XCConfigurationList section */
		821695022B0E436D00971133 /* Build configuration list for PBXProject "IntaClone" */ = {
			isa = XCConfigurationList;
			buildConfigurations = (
				8216952F2B0E436F00971133 /* Debug */,
				821695302B0E436F00971133 /* Release */,
			);
			defaultConfigurationIsVisible = 0;
			defaultConfigurationName = Release;
		};
		821695312B0E436F00971133 /* Build configuration list for PBXNativeTarget "IntaClone" */ = {
			isa = XCConfigurationList;
			buildConfigurations = (
				821695322B0E436F00971133 /* Debug */,
				821695332B0E436F00971133 /* Release */,
			);
			defaultConfigurationIsVisible = 0;
			defaultConfigurationName = Release;
		};
		821695342B0E436F00971133 /* Build configuration list for PBXNativeTarget "IntaCloneTests" */ = {
			isa = XCConfigurationList;
			buildConfigurations = (
				821695352B0E436F00971133 /* Debug */,
				821695362B0E436F00971133 /* Release */,
			);
			defaultConfigurationIsVisible = 0;
			defaultConfigurationName = Release;
		};
		821695372B0E436F00971133 /* Build configuration list for PBXNativeTarget "IntaCloneUITests" */ = {
			isa = XCConfigurationList;
			buildConfigurations = (
				821695382B0E436F00971133 /* Debug */,
				821695392B0E436F00971133 /* Release */,
			);
			defaultConfigurationIsVisible = 0;
			defaultConfigurationName = Release;
		};
/* End XCConfigurationList section */
	};
	rootObject = 821694FF2B0E436D00971133 /* Project object */;
}
