// !$*UTF8*$!
{
	archiveVersion = 1;
	classes = {
	};
	objectVersion = 56;
	objects = {

/* Begin PBXBuildFile section */
		1C19CEF4BA05C47B2E8AEEA7 /* Pods_IntaCloneTests.framework in Frameworks */ = {isa = PBXBuildFile; fileRef = 0B101CA56A9A073E838A0E27 /* Pods_IntaCloneTests.framework */; };
		28A0B76562F1F66CEF9B8650 /* Pods_IntaClone.framework in Frameworks */ = {isa = PBXBuildFile; fileRef = BA8ADD296D72277506947462 /* Pods_IntaClone.framework */; };
		82142C9D2B0F1A2C00C6F538 /* Extensions.swift in Sources */ = {isa = PBXBuildFile; fileRef = 82142C9C2B0F1A2C00C6F538 /* Extensions.swift */; };
		8216950B2B0E436D00971133 /* AppDelegate.swift in Sources */ = {isa = PBXBuildFile; fileRef = 8216950A2B0E436D00971133 /* AppDelegate.swift */; };
		8216950D2B0E436D00971133 /* SceneDelegate.swift in Sources */ = {isa = PBXBuildFile; fileRef = 8216950C2B0E436D00971133 /* SceneDelegate.swift */; };
		8216950F2B0E436D00971133 /* HomeViewController.swift in Sources */ = {isa = PBXBuildFile; fileRef = 8216950E2B0E436D00971133 /* HomeViewController.swift */; };
		821695122B0E436D00971133 /* Main.storyboard in Resources */ = {isa = PBXBuildFile; fileRef = 821695102B0E436D00971133 /* Main.storyboard */; };
		821695142B0E436F00971133 /* Assets.xcassets in Resources */ = {isa = PBXBuildFile; fileRef = 821695132B0E436F00971133 /* Assets.xcassets */; };
		821695172B0E436F00971133 /* LaunchScreen.storyboard in Resources */ = {isa = PBXBuildFile; fileRef = 821695152B0E436F00971133 /* LaunchScreen.storyboard */; };
		821695222B0E436F00971133 /* IntaCloneTests.swift in Sources */ = {isa = PBXBuildFile; fileRef = 821695212B0E436F00971133 /* IntaCloneTests.swift */; };
		8216952C2B0E436F00971133 /* IntaCloneUITests.swift in Sources */ = {isa = PBXBuildFile; fileRef = 8216952B2B0E436F00971133 /* IntaCloneUITests.swift */; };
		8216952E2B0E436F00971133 /* IntaCloneUITestsLaunchTests.swift in Sources */ = {isa = PBXBuildFile; fileRef = 8216952D2B0E436F00971133 /* IntaCloneUITestsLaunchTests.swift */; };
		821695402B0E454C00971133 /* ExploreViewController.swift in Sources */ = {isa = PBXBuildFile; fileRef = 8216953F2B0E454C00971133 /* ExploreViewController.swift */; };
		821695422B0E456500971133 /* CameraViewController.swift in Sources */ = {isa = PBXBuildFile; fileRef = 821695412B0E456500971133 /* CameraViewController.swift */; };
		821695442B0E457B00971133 /* NotificationViewController.swift in Sources */ = {isa = PBXBuildFile; fileRef = 821695432B0E457B00971133 /* NotificationViewController.swift */; };
		821695462B0E458900971133 /* ProfileViewController.swift in Sources */ = {isa = PBXBuildFile; fileRef = 821695452B0E458900971133 /* ProfileViewController.swift */; };
		8216954C2B0E46E100971133 /* LoginViewController.swift in Sources */ = {isa = PBXBuildFile; fileRef = 8216954B2B0E46E100971133 /* LoginViewController.swift */; };
		8216954E2B0E46F100971133 /* RegistrationViewController.swift in Sources */ = {isa = PBXBuildFile; fileRef = 8216954D2B0E46F100971133 /* RegistrationViewController.swift */; };
		821695502B0E471600971133 /* PostViewController.swift in Sources */ = {isa = PBXBuildFile; fileRef = 8216954F2B0E471600971133 /* PostViewController.swift */; };
		821695522B0E473A00971133 /* EditProfileViewController.swift in Sources */ = {isa = PBXBuildFile; fileRef = 821695512B0E473A00971133 /* EditProfileViewController.swift */; };
		821695542B0E474D00971133 /* SettingsViewController.swift in Sources */ = {isa = PBXBuildFile; fileRef = 821695532B0E474D00971133 /* SettingsViewController.swift */; };
		821695562B0E475F00971133 /* ListViewController.swift in Sources */ = {isa = PBXBuildFile; fileRef = 821695552B0E475F00971133 /* ListViewController.swift */; };
		821695582B0E476A00971133 /* SearchViewController.swift in Sources */ = {isa = PBXBuildFile; fileRef = 821695572B0E476A00971133 /* SearchViewController.swift */; };
		8216955A2B0E477B00971133 /* SearchResultViewController.swift in Sources */ = {isa = PBXBuildFile; fileRef = 821695592B0E477B00971133 /* SearchResultViewController.swift */; };
		8216955C2B0E47A800971133 /* PostEditorViewController.swift in Sources */ = {isa = PBXBuildFile; fileRef = 8216955B2B0E47A800971133 /* PostEditorViewController.swift */; };
		8216955E2B0E47C300971133 /* PublishPostViewController.swift in Sources */ = {isa = PBXBuildFile; fileRef = 8216955D2B0E47C300971133 /* PublishPostViewController.swift */; };
		821695602B0E51FF00971133 /* GoogleService-Info.plist in Resources */ = {isa = PBXBuildFile; fileRef = 8216955F2B0E51FF00971133 /* GoogleService-Info.plist */; };
		821695632B0E5A4700971133 /* DatabaseManager.swift in Sources */ = {isa = PBXBuildFile; fileRef = 821695622B0E5A4700971133 /* DatabaseManager.swift */; };
		821695652B0E5EEB00971133 /* AuthManager.swift in Sources */ = {isa = PBXBuildFile; fileRef = 821695642B0E5EEB00971133 /* AuthManager.swift */; };
		821695672B0E5F3200971133 /* StorageManager.swift in Sources */ = {isa = PBXBuildFile; fileRef = 821695662B0E5F3200971133 /* StorageManager.swift */; };
		DD5790DD144AEBFB4ACA05D9 /* Pods_IntaClone_IntaCloneUITests.framework in Frameworks */ = {isa = PBXBuildFile; fileRef = F8D2D2FF0AE65BB46F1141A2 /* Pods_IntaClone_IntaCloneUITests.framework */; };
/* End PBXBuildFile section */

/* Begin PBXContainerItemProxy section */
		8216951E2B0E436F00971133 /* PBXContainerItemProxy */ = {
			isa = PBXContainerItemProxy;
			containerPortal = 821694FF2B0E436D00971133 /* Project object */;
			proxyType = 1;
			remoteGlobalIDString = 821695062B0E436D00971133;
			remoteInfo = IntaClone;
		};
		821695282B0E436F00971133 /* PBXContainerItemProxy */ = {
			isa = PBXContainerItemProxy;
			containerPortal = 821694FF2B0E436D00971133 /* Project object */;
			proxyType = 1;
			remoteGlobalIDString = 821695062B0E436D00971133;
			remoteInfo = IntaClone;
		};
/* End PBXContainerItemProxy section */

/* Begin PBXFileReference section */
		0B101CA56A9A073E838A0E27 /* Pods_IntaCloneTests.framework */ = {isa = PBXFileReference; explicitFileType = wrapper.framework; includeInIndex = 0; path = Pods_IntaCloneTests.framework; sourceTree = BUILT_PRODUCTS_DIR; };
		2DF95537AD7D87676FD8B552 /* Pods-IntaClone.release.xcconfig */ = {isa = PBXFileReference; includeInIndex = 1; lastKnownFileType = text.xcconfig; name = "Pods-IntaClone.release.xcconfig"; path = "Target Support Files/Pods-IntaClone/Pods-IntaClone.release.xcconfig"; sourceTree = "<group>"; };
		5B2A05FE8F72E0CC76CA0F25 /* Pods-IntaClone-IntaCloneUITests.debug.xcconfig */ = {isa = PBXFileReference; includeInIndex = 1; lastKnownFileType = text.xcconfig; name = "Pods-IntaClone-IntaCloneUITests.debug.xcconfig"; path = "Target Support Files/Pods-IntaClone-IntaCloneUITests/Pods-IntaClone-IntaCloneUITests.debug.xcconfig"; sourceTree = "<group>"; };
		6DB7A356D3580EB837040C7D /* Pods-IntaCloneTests.debug.xcconfig */ = {isa = PBXFileReference; includeInIndex = 1; lastKnownFileType = text.xcconfig; name = "Pods-IntaCloneTests.debug.xcconfig"; path = "Target Support Files/Pods-IntaCloneTests/Pods-IntaCloneTests.debug.xcconfig"; sourceTree = "<group>"; };
		70A0486E45DDD8ACEFEA5B1C /* Pods-IntaClone-IntaCloneUITests.release.xcconfig */ = {isa = PBXFileReference; includeInIndex = 1; lastKnownFileType = text.xcconfig; name = "Pods-IntaClone-IntaCloneUITests.release.xcconfig"; path = "Target Support Files/Pods-IntaClone-IntaCloneUITests/Pods-IntaClone-IntaCloneUITests.release.xcconfig"; sourceTree = "<group>"; };
		82142C9C2B0F1A2C00C6F538 /* Extensions.swift */ = {isa = PBXFileReference; lastKnownFileType = sourcecode.swift; path = Extensions.swift; sourceTree = "<group>"; };
		821695072B0E436D00971133 /* IntaClone.app */ = {isa = PBXFileReference; explicitFileType = wrapper.application; includeInIndex = 0; path = IntaClone.app; sourceTree = BUILT_PRODUCTS_DIR; };
		8216950A2B0E436D00971133 /* AppDelegate.swift */ = {isa = PBXFileReference; lastKnownFileType = sourcecode.swift; path = AppDelegate.swift; sourceTree = "<group>"; };
		8216950C2B0E436D00971133 /* SceneDelegate.swift */ = {isa = PBXFileReference; lastKnownFileType = sourcecode.swift; path = SceneDelegate.swift; sourceTree = "<group>"; };
		8216950E2B0E436D00971133 /* HomeViewController.swift */ = {isa = PBXFileReference; lastKnownFileType = sourcecode.swift; path = HomeViewController.swift; sourceTree = "<group>"; };
		821695112B0E436D00971133 /* Base */ = {isa = PBXFileReference; lastKnownFileType = file.storyboard; name = Base; path = Base.lproj/Main.storyboard; sourceTree = "<group>"; };
		821695132B0E436F00971133 /* Assets.xcassets */ = {isa = PBXFileReference; lastKnownFileType = folder.assetcatalog; path = Assets.xcassets; sourceTree = "<group>"; };
		821695162B0E436F00971133 /* Base */ = {isa = PBXFileReference; lastKnownFileType = file.storyboard; name = Base; path = Base.lproj/LaunchScreen.storyboard; sourceTree = "<group>"; };
		821695182B0E436F00971133 /* Info.plist */ = {isa = PBXFileReference; lastKnownFileType = text.plist.xml; path = Info.plist; sourceTree = "<group>"; };
		8216951D2B0E436F00971133 /* IntaCloneTests.xctest */ = {isa = PBXFileReference; explicitFileType = wrapper.cfbundle; includeInIndex = 0; path = IntaCloneTests.xctest; sourceTree = BUILT_PRODUCTS_DIR; };
		821695212B0E436F00971133 /* IntaCloneTests.swift */ = {isa = PBXFileReference; lastKnownFileType = sourcecode.swift; path = IntaCloneTests.swift; sourceTree = "<group>"; };
		821695272B0E436F00971133 /* IntaCloneUITests.xctest */ = {isa = PBXFileReference; explicitFileType = wrapper.cfbundle; includeInIndex = 0; path = IntaCloneUITests.xctest; sourceTree = BUILT_PRODUCTS_DIR; };
		8216952B2B0E436F00971133 /* IntaCloneUITests.swift */ = {isa = PBXFileReference; lastKnownFileType = sourcecode.swift; path = IntaCloneUITests.swift; sourceTree = "<group>"; };
		8216952D2B0E436F00971133 /* IntaCloneUITestsLaunchTests.swift */ = {isa = PBXFileReference; lastKnownFileType = sourcecode.swift; path = IntaCloneUITestsLaunchTests.swift; sourceTree = "<group>"; };
		8216953F2B0E454C00971133 /* ExploreViewController.swift */ = {isa = PBXFileReference; lastKnownFileType = sourcecode.swift; path = ExploreViewController.swift; sourceTree = "<group>"; };
		821695412B0E456500971133 /* CameraViewController.swift */ = {isa = PBXFileReference; lastKnownFileType = sourcecode.swift; path = CameraViewController.swift; sourceTree = "<group>"; };
		821695432B0E457B00971133 /* NotificationViewController.swift */ = {isa = PBXFileReference; lastKnownFileType = sourcecode.swift; path = NotificationViewController.swift; sourceTree = "<group>"; };
		821695452B0E458900971133 /* ProfileViewController.swift */ = {isa = PBXFileReference; lastKnownFileType = sourcecode.swift; path = ProfileViewController.swift; sourceTree = "<group>"; };
		8216954B2B0E46E100971133 /* LoginViewController.swift */ = {isa = PBXFileReference; lastKnownFileType = sourcecode.swift; path = LoginViewController.swift; sourceTree = "<group>"; };
		8216954D2B0E46F100971133 /* RegistrationViewController.swift */ = {isa = PBXFileReference; lastKnownFileType = sourcecode.swift; path = RegistrationViewController.swift; sourceTree = "<group>"; };
		8216954F2B0E471600971133 /* PostViewController.swift */ = {isa = PBXFileReference; lastKnownFileType = sourcecode.swift; path = PostViewController.swift; sourceTree = "<group>"; };
		821695512B0E473A00971133 /* EditProfileViewController.swift */ = {isa = PBXFileReference; lastKnownFileType = sourcecode.swift; path = EditProfileViewController.swift; sourceTree = "<group>"; };
		821695532B0E474D00971133 /* SettingsViewController.swift */ = {isa = PBXFileReference; lastKnownFileType = sourcecode.swift; path = SettingsViewController.swift; sourceTree = "<group>"; };
		821695552B0E475F00971133 /* ListViewController.swift */ = {isa = PBXFileReference; lastKnownFileType = sourcecode.swift; path = ListViewController.swift; sourceTree = "<group>"; };
		821695572B0E476A00971133 /* SearchViewController.swift */ = {isa = PBXFileReference; lastKnownFileType = sourcecode.swift; path = SearchViewController.swift; sourceTree = "<group>"; };
		821695592B0E477B00971133 /* SearchResultViewController.swift */ = {isa = PBXFileReference; lastKnownFileType = sourcecode.swift; path = SearchResultViewController.swift; sourceTree = "<group>"; };
		8216955B2B0E47A800971133 /* PostEditorViewController.swift */ = {isa = PBXFileReference; lastKnownFileType = sourcecode.swift; path = PostEditorViewController.swift; sourceTree = "<group>"; };
		8216955D2B0E47C300971133 /* PublishPostViewController.swift */ = {isa = PBXFileReference; lastKnownFileType = sourcecode.swift; path = PublishPostViewController.swift; sourceTree = "<group>"; };
		8216955F2B0E51FF00971133 /* GoogleService-Info.plist */ = {isa = PBXFileReference; fileEncoding = 4; lastKnownFileType = text.plist.xml; path = "GoogleService-Info.plist"; sourceTree = "<group>"; };
		821695622B0E5A4700971133 /* DatabaseManager.swift */ = {isa = PBXFileReference; lastKnownFileType = sourcecode.swift; path = DatabaseManager.swift; sourceTree = "<group>"; };
		821695642B0E5EEB00971133 /* AuthManager.swift */ = {isa = PBXFileReference; lastKnownFileType = sourcecode.swift; path = AuthManager.swift; sourceTree = "<group>"; };
		821695662B0E5F3200971133 /* StorageManager.swift */ = {isa = PBXFileReference; lastKnownFileType = sourcecode.swift; path = StorageManager.swift; sourceTree = "<group>"; };
		89C3CD6829C75DB69B91384D /* Pods-IntaClone.debug.xcconfig */ = {isa = PBXFileReference; includeInIndex = 1; lastKnownFileType = text.xcconfig; name = "Pods-IntaClone.debug.xcconfig"; path = "Target Support Files/Pods-IntaClone/Pods-IntaClone.debug.xcconfig"; sourceTree = "<group>"; };
		BA8ADD296D72277506947462 /* Pods_IntaClone.framework */ = {isa = PBXFileReference; explicitFileType = wrapper.framework; includeInIndex = 0; path = Pods_IntaClone.framework; sourceTree = BUILT_PRODUCTS_DIR; };
		EC33398BD7115A2838AC145F /* Pods-IntaCloneTests.release.xcconfig */ = {isa = PBXFileReference; includeInIndex = 1; lastKnownFileType = text.xcconfig; name = "Pods-IntaCloneTests.release.xcconfig"; path = "Target Support Files/Pods-IntaCloneTests/Pods-IntaCloneTests.release.xcconfig"; sourceTree = "<group>"; };
		F8D2D2FF0AE65BB46F1141A2 /* Pods_IntaClone_IntaCloneUITests.framework */ = {isa = PBXFileReference; explicitFileType = wrapper.framework; includeInIndex = 0; path = Pods_IntaClone_IntaCloneUITests.framework; sourceTree = BUILT_PRODUCTS_DIR; };
/* End PBXFileReference section */

/* Begin PBXFrameworksBuildPhase section */
		821695042B0E436D00971133 /* Frameworks */ = {
			isa = PBXFrameworksBuildPhase;
			buildActionMask = 2147483647;
			files = (
				28A0B76562F1F66CEF9B8650 /* Pods_IntaClone.framework in Frameworks */,
			);
			runOnlyForDeploymentPostprocessing = 0;
		};
		8216951A2B0E436F00971133 /* Frameworks */ = {
			isa = PBXFrameworksBuildPhase;
			buildActionMask = 2147483647;
			files = (
				1C19CEF4BA05C47B2E8AEEA7 /* Pods_IntaCloneTests.framework in Frameworks */,
			);
			runOnlyForDeploymentPostprocessing = 0;
		};
		821695242B0E436F00971133 /* Frameworks */ = {
			isa = PBXFrameworksBuildPhase;
			buildActionMask = 2147483647;
			files = (
				DD5790DD144AEBFB4ACA05D9 /* Pods_IntaClone_IntaCloneUITests.framework in Frameworks */,
			);
			runOnlyForDeploymentPostprocessing = 0;
		};
/* End PBXFrameworksBuildPhase section */

/* Begin PBXGroup section */
		821694FE2B0E436D00971133 = {
			isa = PBXGroup;
			children = (
				821695092B0E436D00971133 /* IntaClone */,
				821695202B0E436F00971133 /* IntaCloneTests */,
				8216952A2B0E436F00971133 /* IntaCloneUITests */,
				821695082B0E436D00971133 /* Products */,
				AC28838A220FAA25B9C1C128 /* Pods */,
				A15E85034920A5A0A869B890 /* Frameworks */,
			);
			sourceTree = "<group>";
		};
		821695082B0E436D00971133 /* Products */ = {
			isa = PBXGroup;
			children = (
				821695072B0E436D00971133 /* IntaClone.app */,
				8216951D2B0E436F00971133 /* IntaCloneTests.xctest */,
				821695272B0E436F00971133 /* IntaCloneUITests.xctest */,
			);
			name = Products;
			sourceTree = "<group>";
		};
		821695092B0E436D00971133 /* IntaClone */ = {
			isa = PBXGroup;
			children = (
				8216953D2B0E440100971133 /* Resources */,
				8216953C2B0E43DF00971133 /* Models */,
				8216953B2B0E43D100971133 /* View */,
				8216953A2B0E43BD00971133 /* Controller */,
				821695182B0E436F00971133 /* Info.plist */,
			);
			path = IntaClone;
			sourceTree = "<group>";
		};
		821695202B0E436F00971133 /* IntaCloneTests */ = {
			isa = PBXGroup;
			children = (
				821695212B0E436F00971133 /* IntaCloneTests.swift */,
			);
			path = IntaCloneTests;
			sourceTree = "<group>";
		};
		8216952A2B0E436F00971133 /* IntaCloneUITests */ = {
			isa = PBXGroup;
			children = (
				8216952B2B0E436F00971133 /* IntaCloneUITests.swift */,
				8216952D2B0E436F00971133 /* IntaCloneUITestsLaunchTests.swift */,
			);
			path = IntaCloneUITests;
			sourceTree = "<group>";
		};
		8216953A2B0E43BD00971133 /* Controller */ = {
			isa = PBXGroup;
			children = (
				821695492B0E46B300971133 /* Other */,
				821695482B0E45A700971133 /* CoreTabs */,
			);
			path = Controller;
			sourceTree = "<group>";
		};
		8216953B2B0E43D100971133 /* View */ = {
			isa = PBXGroup;
			children = (
				8216953E2B0E448200971133 /* Storyboard */,
				821695132B0E436F00971133 /* Assets.xcassets */,
			);
			path = View;
			sourceTree = "<group>";
		};
		8216953C2B0E43DF00971133 /* Models */ = {
			isa = PBXGroup;
			children = (
			);
			path = Models;
			sourceTree = "<group>";
		};
		8216953D2B0E440100971133 /* Resources */ = {
			isa = PBXGroup;
			children = (
				8216955F2B0E51FF00971133 /* GoogleService-Info.plist */,
				8216950A2B0E436D00971133 /* AppDelegate.swift */,
				8216950C2B0E436D00971133 /* SceneDelegate.swift */,
				821695622B0E5A4700971133 /* DatabaseManager.swift */,
				821695642B0E5EEB00971133 /* AuthManager.swift */,
				821695662B0E5F3200971133 /* StorageManager.swift */,
				82142C9C2B0F1A2C00C6F538 /* Extensions.swift */,
			);
			path = Resources;
			sourceTree = "<group>";
		};
		8216953E2B0E448200971133 /* Storyboard */ = {
			isa = PBXGroup;
			children = (
				821695102B0E436D00971133 /* Main.storyboard */,
				821695152B0E436F00971133 /* LaunchScreen.storyboard */,
			);
			path = Storyboard;
			sourceTree = "<group>";
		};
		821695482B0E45A700971133 /* CoreTabs */ = {
			isa = PBXGroup;
			children = (
				8216950E2B0E436D00971133 /* HomeViewController.swift */,
				8216953F2B0E454C00971133 /* ExploreViewController.swift */,
				821695412B0E456500971133 /* CameraViewController.swift */,
				821695432B0E457B00971133 /* NotificationViewController.swift */,
				821695452B0E458900971133 /* ProfileViewController.swift */,
			);
			path = CoreTabs;
			sourceTree = "<group>";
		};
		821695492B0E46B300971133 /* Other */ = {
			isa = PBXGroup;
			children = (
				8216954A2B0E46BC00971133 /* Onboarding */,
				821695612B0E599700971133 /* General */,
			);
			path = Other;
			sourceTree = "<group>";
		};
		8216954A2B0E46BC00971133 /* Onboarding */ = {
			isa = PBXGroup;
			children = (
				8216954B2B0E46E100971133 /* LoginViewController.swift */,
				8216954D2B0E46F100971133 /* RegistrationViewController.swift */,
			);
			path = Onboarding;
			sourceTree = "<group>";
		};
		821695612B0E599700971133 /* General */ = {
			isa = PBXGroup;
			children = (
				8216954F2B0E471600971133 /* PostViewController.swift */,
				821695512B0E473A00971133 /* EditProfileViewController.swift */,
				821695532B0E474D00971133 /* SettingsViewController.swift */,
				821695552B0E475F00971133 /* ListViewController.swift */,
				821695572B0E476A00971133 /* SearchViewController.swift */,
				821695592B0E477B00971133 /* SearchResultViewController.swift */,
				8216955B2B0E47A800971133 /* PostEditorViewController.swift */,
				8216955D2B0E47C300971133 /* PublishPostViewController.swift */,
			);
			path = General;
			sourceTree = "<group>";
		};
		A15E85034920A5A0A869B890 /* Frameworks */ = {
			isa = PBXGroup;
			children = (
				BA8ADD296D72277506947462 /* Pods_IntaClone.framework */,
				F8D2D2FF0AE65BB46F1141A2 /* Pods_IntaClone_IntaCloneUITests.framework */,
				0B101CA56A9A073E838A0E27 /* Pods_IntaCloneTests.framework */,
			);
			name = Frameworks;
			sourceTree = "<group>";
		};
		AC28838A220FAA25B9C1C128 /* Pods */ = {
			isa = PBXGroup;
			children = (
				89C3CD6829C75DB69B91384D /* Pods-IntaClone.debug.xcconfig */,
				2DF95537AD7D87676FD8B552 /* Pods-IntaClone.release.xcconfig */,
				5B2A05FE8F72E0CC76CA0F25 /* Pods-IntaClone-IntaCloneUITests.debug.xcconfig */,
				70A0486E45DDD8ACEFEA5B1C /* Pods-IntaClone-IntaCloneUITests.release.xcconfig */,
				6DB7A356D3580EB837040C7D /* Pods-IntaCloneTests.debug.xcconfig */,
				EC33398BD7115A2838AC145F /* Pods-IntaCloneTests.release.xcconfig */,
			);
			path = Pods;
			sourceTree = "<group>";
		};
/* End PBXGroup section */

/* Begin PBXNativeTarget section */
		821695062B0E436D00971133 /* IntaClone */ = {
			isa = PBXNativeTarget;
			buildConfigurationList = 821695312B0E436F00971133 /* Build configuration list for PBXNativeTarget "IntaClone" */;
			buildPhases = (
				E7CBFE6AAEE4EEDE07F9DC93 /* [CP] Check Pods Manifest.lock */,
				821695032B0E436D00971133 /* Sources */,
				821695042B0E436D00971133 /* Frameworks */,
				821695052B0E436D00971133 /* Resources */,
				D3C0B2F05C39CAE2912F1C38 /* [CP] Embed Pods Frameworks */,
			);
			buildRules = (
			);
			dependencies = (
			);
			name = IntaClone;
			productName = IntaClone;
			productReference = 821695072B0E436D00971133 /* IntaClone.app */;
			productType = "com.apple.product-type.application";
		};
		8216951C2B0E436F00971133 /* IntaCloneTests */ = {
			isa = PBXNativeTarget;
			buildConfigurationList = 821695342B0E436F00971133 /* Build configuration list for PBXNativeTarget "IntaCloneTests" */;
			buildPhases = (
				97A60FB0B6F72AB6717C21D0 /* [CP] Check Pods Manifest.lock */,
				821695192B0E436F00971133 /* Sources */,
				8216951A2B0E436F00971133 /* Frameworks */,
				8216951B2B0E436F00971133 /* Resources */,
			);
			buildRules = (
			);
			dependencies = (
				8216951F2B0E436F00971133 /* PBXTargetDependency */,
			);
			name = IntaCloneTests;
			productName = IntaCloneTests;
			productReference = 8216951D2B0E436F00971133 /* IntaCloneTests.xctest */;
			productType = "com.apple.product-type.bundle.unit-test";
		};
		821695262B0E436F00971133 /* IntaCloneUITests */ = {
			isa = PBXNativeTarget;
			buildConfigurationList = 821695372B0E436F00971133 /* Build configuration list for PBXNativeTarget "IntaCloneUITests" */;
			buildPhases = (
				7C4F9CC0CF6EC81290D2FB8C /* [CP] Check Pods Manifest.lock */,
				821695232B0E436F00971133 /* Sources */,
				821695242B0E436F00971133 /* Frameworks */,
				821695252B0E436F00971133 /* Resources */,
				AABED2E2384901FB48A974DD /* [CP] Embed Pods Frameworks */,
			);
			buildRules = (
			);
			dependencies = (
				821695292B0E436F00971133 /* PBXTargetDependency */,
			);
			name = IntaCloneUITests;
			productName = IntaCloneUITests;
			productReference = 821695272B0E436F00971133 /* IntaCloneUITests.xctest */;
			productType = "com.apple.product-type.bundle.ui-testing";
		};
/* End PBXNativeTarget section */

/* Begin PBXProject section */
		821694FF2B0E436D00971133 /* Project object */ = {
			isa = PBXProject;
			attributes = {
				BuildIndependentTargetsInParallel = 1;
				LastSwiftUpdateCheck = 1430;
				LastUpgradeCheck = 1430;
				TargetAttributes = {
					821695062B0E436D00971133 = {
						CreatedOnToolsVersion = 14.3.1;
					};
					8216951C2B0E436F00971133 = {
						CreatedOnToolsVersion = 14.3.1;
						TestTargetID = 821695062B0E436D00971133;
					};
					821695262B0E436F00971133 = {
						CreatedOnToolsVersion = 14.3.1;
						TestTargetID = 821695062B0E436D00971133;
					};
				};
			};
			buildConfigurationList = 821695022B0E436D00971133 /* Build configuration list for PBXProject "IntaClone" */;
			compatibilityVersion = "Xcode 14.0";
			developmentRegion = en;
			hasScannedForEncodings = 0;
			knownRegions = (
				en,
				Base,
			);
			mainGroup = 821694FE2B0E436D00971133;
			productRefGroup = 821695082B0E436D00971133 /* Products */;
			projectDirPath = "";
			projectRoot = "";
			targets = (
				821695062B0E436D00971133 /* IntaClone */,
				8216951C2B0E436F00971133 /* IntaCloneTests */,
				821695262B0E436F00971133 /* IntaCloneUITests */,
			);
		};
/* End PBXProject section */

/* Begin PBXResourcesBuildPhase section */
		821695052B0E436D00971133 /* Resources */ = {
			isa = PBXResourcesBuildPhase;
			buildActionMask = 2147483647;
			files = (
				821695172B0E436F00971133 /* LaunchScreen.storyboard in Resources */,
				821695602B0E51FF00971133 /* GoogleService-Info.plist in Resources */,
				821695142B0E436F00971133 /* Assets.xcassets in Resources */,
				821695122B0E436D00971133 /* Main.storyboard in Resources */,
			);
			runOnlyForDeploymentPostprocessing = 0;
		};
		8216951B2B0E436F00971133 /* Resources */ = {
			isa = PBXResourcesBuildPhase;
			buildActionMask = 2147483647;
			files = (
			);
			runOnlyForDeploymentPostprocessing = 0;
		};
		821695252B0E436F00971133 /* Resources */ = {
			isa = PBXResourcesBuildPhase;
			buildActionMask = 2147483647;
			files = (
			);
			runOnlyForDeploymentPostprocessing = 0;
		};
/* End PBXResourcesBuildPhase section */

/* Begin PBXShellScriptBuildPhase section */
		7C4F9CC0CF6EC81290D2FB8C /* [CP] Check Pods Manifest.lock */ = {
			isa = PBXShellScriptBuildPhase;
			buildActionMask = 2147483647;
			files = (
			);
			inputFileListPaths = (
			);
			inputPaths = (
				"${PODS_PODFILE_DIR_PATH}/Podfile.lock",
				"${PODS_ROOT}/Manifest.lock",
			);
			name = "[CP] Check Pods Manifest.lock";
			outputFileListPaths = (
			);
			outputPaths = (
				"$(DERIVED_FILE_DIR)/Pods-IntaClone-IntaCloneUITests-checkManifestLockResult.txt",
			);
			runOnlyForDeploymentPostprocessing = 0;
			shellPath = /bin/sh;
			shellScript = "diff \"${PODS_PODFILE_DIR_PATH}/Podfile.lock\" \"${PODS_ROOT}/Manifest.lock\" > /dev/null\nif [ $? != 0 ] ; then\n    # print error to STDERR\n    echo \"error: The sandbox is not in sync with the Podfile.lock. Run 'pod install' or update your CocoaPods installation.\" >&2\n    exit 1\nfi\n# This output is used by Xcode 'outputs' to avoid re-running this script phase.\necho \"SUCCESS\" > \"${SCRIPT_OUTPUT_FILE_0}\"\n";
			showEnvVarsInLog = 0;
		};
		97A60FB0B6F72AB6717C21D0 /* [CP] Check Pods Manifest.lock */ = {
			isa = PBXShellScriptBuildPhase;
			buildActionMask = 2147483647;
			files = (
			);
			inputFileListPaths = (
			);
			inputPaths = (
				"${PODS_PODFILE_DIR_PATH}/Podfile.lock",
				"${PODS_ROOT}/Manifest.lock",
			);
			name = "[CP] Check Pods Manifest.lock";
			outputFileListPaths = (
			);
			outputPaths = (
				"$(DERIVED_FILE_DIR)/Pods-IntaCloneTests-checkManifestLockResult.txt",
			);
			runOnlyForDeploymentPostprocessing = 0;
			shellPath = /bin/sh;
			shellScript = "diff \"${PODS_PODFILE_DIR_PATH}/Podfile.lock\" \"${PODS_ROOT}/Manifest.lock\" > /dev/null\nif [ $? != 0 ] ; then\n    # print error to STDERR\n    echo \"error: The sandbox is not in sync with the Podfile.lock. Run 'pod install' or update your CocoaPods installation.\" >&2\n    exit 1\nfi\n# This output is used by Xcode 'outputs' to avoid re-running this script phase.\necho \"SUCCESS\" > \"${SCRIPT_OUTPUT_FILE_0}\"\n";
			showEnvVarsInLog = 0;
		};
		AABED2E2384901FB48A974DD /* [CP] Embed Pods Frameworks */ = {
			isa = PBXShellScriptBuildPhase;
			buildActionMask = 2147483647;
			files = (
			);
			inputFileListPaths = (
				"${PODS_ROOT}/Target Support Files/Pods-IntaClone-IntaCloneUITests/Pods-IntaClone-IntaCloneUITests-frameworks-${CONFIGURATION}-input-files.xcfilelist",
			);
			name = "[CP] Embed Pods Frameworks";
			outputFileListPaths = (
				"${PODS_ROOT}/Target Support Files/Pods-IntaClone-IntaCloneUITests/Pods-IntaClone-IntaCloneUITests-frameworks-${CONFIGURATION}-output-files.xcfilelist",
			);
			runOnlyForDeploymentPostprocessing = 0;
			shellPath = /bin/sh;
			shellScript = "\"${PODS_ROOT}/Target Support Files/Pods-IntaClone-IntaCloneUITests/Pods-IntaClone-IntaCloneUITests-frameworks.sh\"\n";
			showEnvVarsInLog = 0;
		};
		D3C0B2F05C39CAE2912F1C38 /* [CP] Embed Pods Frameworks */ = {
			isa = PBXShellScriptBuildPhase;
			buildActionMask = 2147483647;
			files = (
			);
			inputFileListPaths = (
				"${PODS_ROOT}/Target Support Files/Pods-IntaClone/Pods-IntaClone-frameworks-${CONFIGURATION}-input-files.xcfilelist",
			);
			name = "[CP] Embed Pods Frameworks";
			outputFileListPaths = (
				"${PODS_ROOT}/Target Support Files/Pods-IntaClone/Pods-IntaClone-frameworks-${CONFIGURATION}-output-files.xcfilelist",
			);
			runOnlyForDeploymentPostprocessing = 0;
			shellPath = /bin/sh;
			shellScript = "\"${PODS_ROOT}/Target Support Files/Pods-IntaClone/Pods-IntaClone-frameworks.sh\"\n";
			showEnvVarsInLog = 0;
		};
		E7CBFE6AAEE4EEDE07F9DC93 /* [CP] Check Pods Manifest.lock */ = {
			isa = PBXShellScriptBuildPhase;
			buildActionMask = 2147483647;
			files = (
			);
			inputFileListPaths = (
			);
			inputPaths = (
				"${PODS_PODFILE_DIR_PATH}/Podfile.lock",
				"${PODS_ROOT}/Manifest.lock",
			);
			name = "[CP] Check Pods Manifest.lock";
			outputFileListPaths = (
			);
			outputPaths = (
				"$(DERIVED_FILE_DIR)/Pods-IntaClone-checkManifestLockResult.txt",
			);
			runOnlyForDeploymentPostprocessing = 0;
			shellPath = /bin/sh;
			shellScript = "diff \"${PODS_PODFILE_DIR_PATH}/Podfile.lock\" \"${PODS_ROOT}/Manifest.lock\" > /dev/null\nif [ $? != 0 ] ; then\n    # print error to STDERR\n    echo \"error: The sandbox is not in sync with the Podfile.lock. Run 'pod install' or update your CocoaPods installation.\" >&2\n    exit 1\nfi\n# This output is used by Xcode 'outputs' to avoid re-running this script phase.\necho \"SUCCESS\" > \"${SCRIPT_OUTPUT_FILE_0}\"\n";
			showEnvVarsInLog = 0;
		};
/* End PBXShellScriptBuildPhase section */

/* Begin PBXSourcesBuildPhase section */
		821695032B0E436D00971133 /* Sources */ = {
			isa = PBXSourcesBuildPhase;
			buildActionMask = 2147483647;
			files = (
				821695522B0E473A00971133 /* EditProfileViewController.swift in Sources */,
				821695402B0E454C00971133 /* ExploreViewController.swift in Sources */,
				8216955E2B0E47C300971133 /* PublishPostViewController.swift in Sources */,
				821695422B0E456500971133 /* CameraViewController.swift in Sources */,
				821695442B0E457B00971133 /* NotificationViewController.swift in Sources */,
				8216954E2B0E46F100971133 /* RegistrationViewController.swift in Sources */,
				8216955C2B0E47A800971133 /* PostEditorViewController.swift in Sources */,
				821695672B0E5F3200971133 /* StorageManager.swift in Sources */,
				821695502B0E471600971133 /* PostViewController.swift in Sources */,
				821695632B0E5A4700971133 /* DatabaseManager.swift in Sources */,
				8216950F2B0E436D00971133 /* HomeViewController.swift in Sources */,
				8216955A2B0E477B00971133 /* SearchResultViewController.swift in Sources */,
				8216954C2B0E46E100971133 /* LoginViewController.swift in Sources */,
				82142C9D2B0F1A2C00C6F538 /* Extensions.swift in Sources */,
				821695582B0E476A00971133 /* SearchViewController.swift in Sources */,
				821695462B0E458900971133 /* ProfileViewController.swift in Sources */,
				821695652B0E5EEB00971133 /* AuthManager.swift in Sources */,
				8216950B2B0E436D00971133 /* AppDelegate.swift in Sources */,
				8216950D2B0E436D00971133 /* SceneDelegate.swift in Sources */,
				821695562B0E475F00971133 /* ListViewController.swift in Sources */,
				821695542B0E474D00971133 /* SettingsViewController.swift in Sources */,
			);
			runOnlyForDeploymentPostprocessing = 0;
		};
		821695192B0E436F00971133 /* Sources */ = {
			isa = PBXSourcesBuildPhase;
			buildActionMask = 2147483647;
			files = (
				821695222B0E436F00971133 /* IntaCloneTests.swift in Sources */,
			);
			runOnlyForDeploymentPostprocessing = 0;
		};
		821695232B0E436F00971133 /* Sources */ = {
			isa = PBXSourcesBuildPhase;
			buildActionMask = 2147483647;
			files = (
				8216952E2B0E436F00971133 /* IntaCloneUITestsLaunchTests.swift in Sources */,
				8216952C2B0E436F00971133 /* IntaCloneUITests.swift in Sources */,
			);
			runOnlyForDeploymentPostprocessing = 0;
		};
/* End PBXSourcesBuildPhase section */

/* Begin PBXTargetDependency section */
		8216951F2B0E436F00971133 /* PBXTargetDependency */ = {
			isa = PBXTargetDependency;
			target = 821695062B0E436D00971133 /* IntaClone */;
			targetProxy = 8216951E2B0E436F00971133 /* PBXContainerItemProxy */;
		};
		821695292B0E436F00971133 /* PBXTargetDependency */ = {
			isa = PBXTargetDependency;
			target = 821695062B0E436D00971133 /* IntaClone */;
			targetProxy = 821695282B0E436F00971133 /* PBXContainerItemProxy */;
		};
/* End PBXTargetDependency section */

/* Begin PBXVariantGroup section */
		821695102B0E436D00971133 /* Main.storyboard */ = {
			isa = PBXVariantGroup;
			children = (
				821695112B0E436D00971133 /* Base */,
			);
			name = Main.storyboard;
			sourceTree = "<group>";
		};
		821695152B0E436F00971133 /* LaunchScreen.storyboard */ = {
			isa = PBXVariantGroup;
			children = (
				821695162B0E436F00971133 /* Base */,
			);
			name = LaunchScreen.storyboard;
			sourceTree = "<group>";
		};
/* End PBXVariantGroup section */

/* Begin XCBuildConfiguration section */
		8216952F2B0E436F00971133 /* Debug */ = {
			isa = XCBuildConfiguration;
			buildSettings = {
				ALWAYS_SEARCH_USER_PATHS = NO;
				CLANG_ANALYZER_NONNULL = YES;
				CLANG_ANALYZER_NUMBER_OBJECT_CONVERSION = YES_AGGRESSIVE;
				CLANG_CXX_LANGUAGE_STANDARD = "gnu++20";
				CLANG_ENABLE_MODULES = YES;
				CLANG_ENABLE_OBJC_ARC = YES;
				CLANG_ENABLE_OBJC_WEAK = YES;
				CLANG_WARN_BLOCK_CAPTURE_AUTORELEASING = YES;
				CLANG_WARN_BOOL_CONVERSION = YES;
				CLANG_WARN_COMMA = YES;
				CLANG_WARN_CONSTANT_CONVERSION = YES;
				CLANG_WARN_DEPRECATED_OBJC_IMPLEMENTATIONS = YES;
				CLANG_WARN_DIRECT_OBJC_ISA_USAGE = YES_ERROR;
				CLANG_WARN_DOCUMENTATION_COMMENTS = YES;
				CLANG_WARN_EMPTY_BODY = YES;
				CLANG_WARN_ENUM_CONVERSION = YES;
				CLANG_WARN_INFINITE_RECURSION = YES;
				CLANG_WARN_INT_CONVERSION = YES;
				CLANG_WARN_NON_LITERAL_NULL_CONVERSION = YES;
				CLANG_WARN_OBJC_IMPLICIT_RETAIN_SELF = YES;
				CLANG_WARN_OBJC_LITERAL_CONVERSION = YES;
				CLANG_WARN_OBJC_ROOT_CLASS = YES_ERROR;
				CLANG_WARN_QUOTED_INCLUDE_IN_FRAMEWORK_HEADER = YES;
				CLANG_WARN_RANGE_LOOP_ANALYSIS = YES;
				CLANG_WARN_STRICT_PROTOTYPES = YES;
				CLANG_WARN_SUSPICIOUS_MOVE = YES;
				CLANG_WARN_UNGUARDED_AVAILABILITY = YES_AGGRESSIVE;
				CLANG_WARN_UNREACHABLE_CODE = YES;
				CLANG_WARN__DUPLICATE_METHOD_MATCH = YES;
				COPY_PHASE_STRIP = NO;
				DEBUG_INFORMATION_FORMAT = dwarf;
				ENABLE_STRICT_OBJC_MSGSEND = YES;
				ENABLE_TESTABILITY = YES;
				GCC_C_LANGUAGE_STANDARD = gnu11;
				GCC_DYNAMIC_NO_PIC = NO;
				GCC_NO_COMMON_BLOCKS = YES;
				GCC_OPTIMIZATION_LEVEL = 0;
				GCC_PREPROCESSOR_DEFINITIONS = (
					"DEBUG=1",
					"$(inherited)",
				);
				GCC_WARN_64_TO_32_BIT_CONVERSION = YES;
				GCC_WARN_ABOUT_RETURN_TYPE = YES_ERROR;
				GCC_WARN_UNDECLARED_SELECTOR = YES;
				GCC_WARN_UNINITIALIZED_AUTOS = YES_AGGRESSIVE;
				GCC_WARN_UNUSED_FUNCTION = YES;
				GCC_WARN_UNUSED_VARIABLE = YES;
				IPHONEOS_DEPLOYMENT_TARGET = 16.4;
				MTL_ENABLE_DEBUG_INFO = INCLUDE_SOURCE;
				MTL_FAST_MATH = YES;
				ONLY_ACTIVE_ARCH = YES;
				SDKROOT = iphoneos;
				SWIFT_ACTIVE_COMPILATION_CONDITIONS = DEBUG;
				SWIFT_OPTIMIZATION_LEVEL = "-Onone";
			};
			name = Debug;
		};
		821695302B0E436F00971133 /* Release */ = {
			isa = XCBuildConfiguration;
			buildSettings = {
				ALWAYS_SEARCH_USER_PATHS = NO;
				CLANG_ANALYZER_NONNULL = YES;
				CLANG_ANALYZER_NUMBER_OBJECT_CONVERSION = YES_AGGRESSIVE;
				CLANG_CXX_LANGUAGE_STANDARD = "gnu++20";
				CLANG_ENABLE_MODULES = YES;
				CLANG_ENABLE_OBJC_ARC = YES;
				CLANG_ENABLE_OBJC_WEAK = YES;
				CLANG_WARN_BLOCK_CAPTURE_AUTORELEASING = YES;
				CLANG_WARN_BOOL_CONVERSION = YES;
				CLANG_WARN_COMMA = YES;
				CLANG_WARN_CONSTANT_CONVERSION = YES;
				CLANG_WARN_DEPRECATED_OBJC_IMPLEMENTATIONS = YES;
				CLANG_WARN_DIRECT_OBJC_ISA_USAGE = YES_ERROR;
				CLANG_WARN_DOCUMENTATION_COMMENTS = YES;
				CLANG_WARN_EMPTY_BODY = YES;
				CLANG_WARN_ENUM_CONVERSION = YES;
				CLANG_WARN_INFINITE_RECURSION = YES;
				CLANG_WARN_INT_CONVERSION = YES;
				CLANG_WARN_NON_LITERAL_NULL_CONVERSION = YES;
				CLANG_WARN_OBJC_IMPLICIT_RETAIN_SELF = YES;
				CLANG_WARN_OBJC_LITERAL_CONVERSION = YES;
				CLANG_WARN_OBJC_ROOT_CLASS = YES_ERROR;
				CLANG_WARN_QUOTED_INCLUDE_IN_FRAMEWORK_HEADER = YES;
				CLANG_WARN_RANGE_LOOP_ANALYSIS = YES;
				CLANG_WARN_STRICT_PROTOTYPES = YES;
				CLANG_WARN_SUSPICIOUS_MOVE = YES;
				CLANG_WARN_UNGUARDED_AVAILABILITY = YES_AGGRESSIVE;
				CLANG_WARN_UNREACHABLE_CODE = YES;
				CLANG_WARN__DUPLICATE_METHOD_MATCH = YES;
				COPY_PHASE_STRIP = NO;
				DEBUG_INFORMATION_FORMAT = "dwarf-with-dsym";
				ENABLE_NS_ASSERTIONS = NO;
				ENABLE_STRICT_OBJC_MSGSEND = YES;
				GCC_C_LANGUAGE_STANDARD = gnu11;
				GCC_NO_COMMON_BLOCKS = YES;
				GCC_WARN_64_TO_32_BIT_CONVERSION = YES;
				GCC_WARN_ABOUT_RETURN_TYPE = YES_ERROR;
				GCC_WARN_UNDECLARED_SELECTOR = YES;
				GCC_WARN_UNINITIALIZED_AUTOS = YES_AGGRESSIVE;
				GCC_WARN_UNUSED_FUNCTION = YES;
				GCC_WARN_UNUSED_VARIABLE = YES;
				IPHONEOS_DEPLOYMENT_TARGET = 16.4;
				MTL_ENABLE_DEBUG_INFO = NO;
				MTL_FAST_MATH = YES;
				SDKROOT = iphoneos;
				SWIFT_COMPILATION_MODE = wholemodule;
				SWIFT_OPTIMIZATION_LEVEL = "-O";
				VALIDATE_PRODUCT = YES;
			};
			name = Release;
		};
		821695322B0E436F00971133 /* Debug */ = {
			isa = XCBuildConfiguration;
			baseConfigurationReference = 89C3CD6829C75DB69B91384D /* Pods-IntaClone.debug.xcconfig */;
			buildSettings = {
				ASSETCATALOG_COMPILER_APPICON_NAME = AppIcon;
				ASSETCATALOG_COMPILER_GLOBAL_ACCENT_COLOR_NAME = AccentColor;
				CODE_SIGN_STYLE = Automatic;
				CURRENT_PROJECT_VERSION = 1;
				GENERATE_INFOPLIST_FILE = YES;
				INFOPLIST_FILE = IntaClone/Info.plist;
				INFOPLIST_KEY_UIApplicationSupportsIndirectInputEvents = YES;
				INFOPLIST_KEY_UILaunchStoryboardName = LaunchScreen;
				INFOPLIST_KEY_UIMainStoryboardFile = Main;
				INFOPLIST_KEY_UISupportedInterfaceOrientations_iPad = "UIInterfaceOrientationPortrait UIInterfaceOrientationPortraitUpsideDown UIInterfaceOrientationLandscapeLeft UIInterfaceOrientationLandscapeRight";
				INFOPLIST_KEY_UISupportedInterfaceOrientations_iPhone = "UIInterfaceOrientationPortrait UIInterfaceOrientationLandscapeLeft UIInterfaceOrientationLandscapeRight";
				LD_RUNPATH_SEARCH_PATHS = (
					"$(inherited)",
					"@executable_path/Frameworks",
				);
				MARKETING_VERSION = 1.0;
				PRODUCT_BUNDLE_IDENTIFIER = tasks.app.IntaClone;
				PRODUCT_NAME = "$(TARGET_NAME)";
				SWIFT_EMIT_LOC_STRINGS = YES;
				SWIFT_VERSION = 5.0;
				TARGETED_DEVICE_FAMILY = "1,2";
			};
			name = Debug;
		};
		821695332B0E436F00971133 /* Release */ = {
			isa = XCBuildConfiguration;
			baseConfigurationReference = 2DF95537AD7D87676FD8B552 /* Pods-IntaClone.release.xcconfig */;
			buildSettings = {
				ASSETCATALOG_COMPILER_APPICON_NAME = AppIcon;
				ASSETCATALOG_COMPILER_GLOBAL_ACCENT_COLOR_NAME = AccentColor;
				CODE_SIGN_STYLE = Automatic;
				CURRENT_PROJECT_VERSION = 1;
				GENERATE_INFOPLIST_FILE = YES;
				INFOPLIST_FILE = IntaClone/Info.plist;
				INFOPLIST_KEY_UIApplicationSupportsIndirectInputEvents = YES;
				INFOPLIST_KEY_UILaunchStoryboardName = LaunchScreen;
				INFOPLIST_KEY_UIMainStoryboardFile = Main;
				INFOPLIST_KEY_UISupportedInterfaceOrientations_iPad = "UIInterfaceOrientationPortrait UIInterfaceOrientationPortraitUpsideDown UIInterfaceOrientationLandscapeLeft UIInterfaceOrientationLandscapeRight";
				INFOPLIST_KEY_UISupportedInterfaceOrientations_iPhone = "UIInterfaceOrientationPortrait UIInterfaceOrientationLandscapeLeft UIInterfaceOrientationLandscapeRight";
				LD_RUNPATH_SEARCH_PATHS = (
					"$(inherited)",
					"@executable_path/Frameworks",
				);
				MARKETING_VERSION = 1.0;
				PRODUCT_BUNDLE_IDENTIFIER = tasks.app.IntaClone;
				PRODUCT_NAME = "$(TARGET_NAME)";
				SWIFT_EMIT_LOC_STRINGS = YES;
				SWIFT_VERSION = 5.0;
				TARGETED_DEVICE_FAMILY = "1,2";
			};
			name = Release;
		};
		821695352B0E436F00971133 /* Debug */ = {
			isa = XCBuildConfiguration;
			baseConfigurationReference = 6DB7A356D3580EB837040C7D /* Pods-IntaCloneTests.debug.xcconfig */;
			buildSettings = {
				ALWAYS_EMBED_SWIFT_STANDARD_LIBRARIES = YES;
				BUNDLE_LOADER = "$(TEST_HOST)";
				CODE_SIGN_STYLE = Automatic;
				CURRENT_PROJECT_VERSION = 1;
				GENERATE_INFOPLIST_FILE = YES;
				IPHONEOS_DEPLOYMENT_TARGET = 16.4;
				MARKETING_VERSION = 1.0;
				PRODUCT_BUNDLE_IDENTIFIER = tasks.app.IntaCloneTests;
				PRODUCT_NAME = "$(TARGET_NAME)";
				SWIFT_EMIT_LOC_STRINGS = NO;
				SWIFT_VERSION = 5.0;
				TARGETED_DEVICE_FAMILY = "1,2";
				TEST_HOST = "$(BUILT_PRODUCTS_DIR)/IntaClone.app/$(BUNDLE_EXECUTABLE_FOLDER_PATH)/IntaClone";
			};
			name = Debug;
		};
		821695362B0E436F00971133 /* Release */ = {
			isa = XCBuildConfiguration;
			baseConfigurationReference = EC33398BD7115A2838AC145F /* Pods-IntaCloneTests.release.xcconfig */;
			buildSettings = {
				ALWAYS_EMBED_SWIFT_STANDARD_LIBRARIES = YES;
				BUNDLE_LOADER = "$(TEST_HOST)";
				CODE_SIGN_STYLE = Automatic;
				CURRENT_PROJECT_VERSION = 1;
				GENERATE_INFOPLIST_FILE = YES;
				IPHONEOS_DEPLOYMENT_TARGET = 16.4;
				MARKETING_VERSION = 1.0;
				PRODUCT_BUNDLE_IDENTIFIER = tasks.app.IntaCloneTests;
				PRODUCT_NAME = "$(TARGET_NAME)";
				SWIFT_EMIT_LOC_STRINGS = NO;
				SWIFT_VERSION = 5.0;
				TARGETED_DEVICE_FAMILY = "1,2";
				TEST_HOST = "$(BUILT_PRODUCTS_DIR)/IntaClone.app/$(BUNDLE_EXECUTABLE_FOLDER_PATH)/IntaClone";
			};
			name = Release;
		};
		821695382B0E436F00971133 /* Debug */ = {
			isa = XCBuildConfiguration;
			baseConfigurationReference = 5B2A05FE8F72E0CC76CA0F25 /* Pods-IntaClone-IntaCloneUITests.debug.xcconfig */;
			buildSettings = {
				ALWAYS_EMBED_SWIFT_STANDARD_LIBRARIES = YES;
				CODE_SIGN_STYLE = Automatic;
				CURRENT_PROJECT_VERSION = 1;
				GENERATE_INFOPLIST_FILE = YES;
				MARKETING_VERSION = 1.0;
				PRODUCT_BUNDLE_IDENTIFIER = tasks.app.IntaCloneUITests;
				PRODUCT_NAME = "$(TARGET_NAME)";
				SWIFT_EMIT_LOC_STRINGS = NO;
				SWIFT_VERSION = 5.0;
				TARGETED_DEVICE_FAMILY = "1,2";
				TEST_TARGET_NAME = IntaClone;
			};
			name = Debug;
		};
		821695392B0E436F00971133 /* Release */ = {
			isa = XCBuildConfiguration;
			baseConfigurationReference = 70A0486E45DDD8ACEFEA5B1C /* Pods-IntaClone-IntaCloneUITests.release.xcconfig */;
			buildSettings = {
				ALWAYS_EMBED_SWIFT_STANDARD_LIBRARIES = YES;
				CODE_SIGN_STYLE = Automatic;
				CURRENT_PROJECT_VERSION = 1;
				GENERATE_INFOPLIST_FILE = YES;
				MARKETING_VERSION = 1.0;
				PRODUCT_BUNDLE_IDENTIFIER = tasks.app.IntaCloneUITests;
				PRODUCT_NAME = "$(TARGET_NAME)";
				SWIFT_EMIT_LOC_STRINGS = NO;
				SWIFT_VERSION = 5.0;
				TARGETED_DEVICE_FAMILY = "1,2";
				TEST_TARGET_NAME = IntaClone;
			};
			name = Release;
		};
/* End XCBuildConfiguration section */

/* Begin XCConfigurationList section */
		821695022B0E436D00971133 /* Build configuration list for PBXProject "IntaClone" */ = {
			isa = XCConfigurationList;
			buildConfigurations = (
				8216952F2B0E436F00971133 /* Debug */,
				821695302B0E436F00971133 /* Release */,
			);
			defaultConfigurationIsVisible = 0;
			defaultConfigurationName = Release;
		};
		821695312B0E436F00971133 /* Build configuration list for PBXNativeTarget "IntaClone" */ = {
			isa = XCConfigurationList;
			buildConfigurations = (
				821695322B0E436F00971133 /* Debug */,
				821695332B0E436F00971133 /* Release */,
			);
			defaultConfigurationIsVisible = 0;
			defaultConfigurationName = Release;
		};
		821695342B0E436F00971133 /* Build configuration list for PBXNativeTarget "IntaCloneTests" */ = {
			isa = XCConfigurationList;
			buildConfigurations = (
				821695352B0E436F00971133 /* Debug */,
				821695362B0E436F00971133 /* Release */,
			);
			defaultConfigurationIsVisible = 0;
			defaultConfigurationName = Release;
		};
		821695372B0E436F00971133 /* Build configuration list for PBXNativeTarget "IntaCloneUITests" */ = {
			isa = XCConfigurationList;
			buildConfigurations = (
				821695382B0E436F00971133 /* Debug */,
				821695392B0E436F00971133 /* Release */,
			);
			defaultConfigurationIsVisible = 0;
			defaultConfigurationName = Release;
		};
/* End XCConfigurationList section */
	};
	rootObject = 821694FF2B0E436D00971133 /* Project object */;
}
